
Microsoft Visual Studio Solution File, Format Version 12.00
# Visual Studio 14
VisualStudioVersion = 14.0.25123.0
MinimumVisualStudioVersion = 10.0.40219.1
Project("{FAE04EC0-301F-11D3-BF4B-00C04F79EFBC}") = "FlightBooking", "FlightBooking\FlightBooking.csproj", "{9217D4C6-98A4-4E29-98D7-5114C743B07B}"
EndProject
Global
	GlobalSection(SolutionConfigurationPlatforms) = preSolution
		Debug|Any CPU = Debug|Any CPU
		Release|Any CPU = Release|Any CPU
	EndGlobalSection
	GlobalSection(ProjectConfigurationPlatforms) = postSolution
		{9217D4C6-98A4-4E29-98D7-5114C743B07B}.Debug|Any CPU.ActiveCfg = Debug|Any CPU
		{9217D4C6-98A4-4E29-98D7-5114C743B07B}.Debug|Any CPU.Build.0 = Debug|Any CPU
		{9217D4C6-98A4-4E29-98D7-5114C743B07B}.Release|Any CPU.ActiveCfg = Release|Any CPU
		{9217D4C6-98A4-4E29-98D7-5114C743B07B}.Release|Any CPU.Build.0 = Release|Any CPU
	EndGlobalSection
	GlobalSection(SolutionProperties) = preSolution
		HideSolutionNode = FALSE
	EndGlobalSection
EndGlobal
